// !$*UTF8*$!
{
	archiveVersion = 1;
	classes = {
	};
	objectVersion = 46;
	objects = {

/* Begin PBXBuildFile section */
		490B5C5F1B932B7E00D95885 /* AddMealPhoto+UIImageSize.swift in Sources */ = {isa = PBXBuildFile; fileRef = 490B5C5E1B932B7E00D95885 /* AddMealPhoto+UIImageSize.swift */; };
		492E25851B20A774006419EE /* FoodDiaryEntry.swift in Sources */ = {isa = PBXBuildFile; fileRef = 492E25841B20A774006419EE /* FoodDiaryEntry.swift */; };
		492E25891B24DE1A006419EE /* TimelineTableViewController.swift in Sources */ = {isa = PBXBuildFile; fileRef = 492E25881B24DE1A006419EE /* TimelineTableViewController.swift */; };
		492E258B1B24DFFC006419EE /* DataManager.swift in Sources */ = {isa = PBXBuildFile; fileRef = 492E258A1B24DFFC006419EE /* DataManager.swift */; };
		492E25951B263C46006419EE /* ViewMealDetailViewController.swift in Sources */ = {isa = PBXBuildFile; fileRef = 492E25941B263C46006419EE /* ViewMealDetailViewController.swift */; };
		492E25971B28A652006419EE /* TimelineTableViewCell.swift in Sources */ = {isa = PBXBuildFile; fileRef = 492E25961B28A652006419EE /* TimelineTableViewCell.swift */; };
		49376FC11BA611F80075426C /* IngredientAddTableViewController.swift in Sources */ = {isa = PBXBuildFile; fileRef = 49376FC01BA611F80075426C /* IngredientAddTableViewController.swift */; };
		49376FC31BA61B2A0075426C /* String+Extension.swift in Sources */ = {isa = PBXBuildFile; fileRef = 49376FC21BA61B2A0075426C /* String+Extension.swift */; };
		49376FC51BA6A6C40075426C /* FoodDiaryDetail.swift in Sources */ = {isa = PBXBuildFile; fileRef = 49376FC41BA6A6C40075426C /* FoodDiaryDetail.swift */; };
		493914DE1BFA7E420091A4B6 /* FoodDiaryEntry+Queries.swift in Sources */ = {isa = PBXBuildFile; fileRef = 493914DD1BFA7E420091A4B6 /* FoodDiaryEntry+Queries.swift */; };
		493D766A1D0DECA9003E9264 /* DayOfWeekSummary.swift in Sources */ = {isa = PBXBuildFile; fileRef = 493D76691D0DECA9003E9264 /* DayOfWeekSummary.swift */; };
		493D766C1D0DF029003E9264 /* DayOfWeekTableViewController.swift in Sources */ = {isa = PBXBuildFile; fileRef = 493D766B1D0DF029003E9264 /* DayOfWeekTableViewController.swift */; };
		493D766E1D0F0B52003E9264 /* EnjoymentScoreSummary.swift in Sources */ = {isa = PBXBuildFile; fileRef = 493D766D1D0F0B52003E9264 /* EnjoymentScoreSummary.swift */; };
		493D76701D0F0B6C003E9264 /* EnjoymentScoreSummaryTableViewController.swift in Sources */ = {isa = PBXBuildFile; fileRef = 493D766F1D0F0B6C003E9264 /* EnjoymentScoreSummaryTableViewController.swift */; };
		495704BC1BCD5B5C0053C949 /* ViewAndEditMealIngredientsTableViewController.swift in Sources */ = {isa = PBXBuildFile; fileRef = 495704BB1BCD5B5C0053C949 /* ViewAndEditMealIngredientsTableViewController.swift */; };
		4957B5661CC5719300621335 /* MealSearchTableViewController.swift in Sources */ = {isa = PBXBuildFile; fileRef = 4957B5651CC5719300621335 /* MealSearchTableViewController.swift */; };
		4957B5681CD0047D00621335 /* OneToOneNutritionSummaryTableViewController.swift in Sources */ = {isa = PBXBuildFile; fileRef = 4957B5671CD0047D00621335 /* OneToOneNutritionSummaryTableViewController.swift */; };
		4957B56A1CD008DB00621335 /* NSDate+Extentsion.swift in Sources */ = {isa = PBXBuildFile; fileRef = 4957B5691CD008DB00621335 /* NSDate+Extentsion.swift */; };
		4957B56C1CD0119E00621335 /* NutritionSummary.swift in Sources */ = {isa = PBXBuildFile; fileRef = 4957B56B1CD0119E00621335 /* NutritionSummary.swift */; };
		4957B56E1CD0138C00621335 /* DayPartSummary.swift in Sources */ = {isa = PBXBuildFile; fileRef = 4957B56D1CD0138C00621335 /* DayPartSummary.swift */; };
		4957B5701CD930C400621335 /* MoodSummary.swift in Sources */ = {isa = PBXBuildFile; fileRef = 4957B56F1CD930C400621335 /* MoodSummary.swift */; };
		4957B5741CD9325600621335 /* MoodSummaryTableViewController.swift in Sources */ = {isa = PBXBuildFile; fileRef = 4957B5731CD9325600621335 /* MoodSummaryTableViewController.swift */; };
		4957B5761CDAC1B900621335 /* IngredientsSummaryBreakdownTableViewController.swift in Sources */ = {isa = PBXBuildFile; fileRef = 4957B5751CDAC1B900621335 /* IngredientsSummaryBreakdownTableViewController.swift */; };
		4957B5781CDAC21900621335 /* IngredientsSummary.swift in Sources */ = {isa = PBXBuildFile; fileRef = 4957B5771CDAC21900621335 /* IngredientsSummary.swift */; };
		4957B57A1CE1120200621335 /* TimeOfDaySummary.swift in Sources */ = {isa = PBXBuildFile; fileRef = 4957B5791CE1120200621335 /* TimeOfDaySummary.swift */; };
		4957B58D1CEAAEAD00621335 /* libz.tbd in Frameworks */ = {isa = PBXBuildFile; fileRef = 4957B58C1CEAAEAD00621335 /* libz.tbd */; };
		4957B58F1CEAAEC000621335 /* libsqlite3.0.tbd in Frameworks */ = {isa = PBXBuildFile; fileRef = 4957B58E1CEAAEC000621335 /* libsqlite3.0.tbd */; };
		495898601B55597A0094AF65 /* FoodDiaryEntry+UpdateData.swift in Sources */ = {isa = PBXBuildFile; fileRef = 4958985F1B55597A0094AF65 /* FoodDiaryEntry+UpdateData.swift */; };
		495BFB871B49D44E00D915B9 /* AddMealPhotoViewController.swift in Sources */ = {isa = PBXBuildFile; fileRef = 495BFB861B49D44E00D915B9 /* AddMealPhotoViewController.swift */; };
		496491DA1D12217700BFF05F /* MacronutrientSummary.swift in Sources */ = {isa = PBXBuildFile; fileRef = 496491D91D12217700BFF05F /* MacronutrientSummary.swift */; };
		496491DC1D1224B800BFF05F /* MacronutrientSummaryBreakdownTableViewController.swift in Sources */ = {isa = PBXBuildFile; fileRef = 496491DB1D1224B800BFF05F /* MacronutrientSummaryBreakdownTableViewController.swift */; };
		4972BBCD1B3DB34B0069D44B /* EditMealDetailTableViewController.swift in Sources */ = {isa = PBXBuildFile; fileRef = 4972BBCC1B3DB34B0069D44B /* EditMealDetailTableViewController.swift */; };
		4972BBD31B45B2320069D44B /* AudioToolbox.framework in Frameworks */ = {isa = PBXBuildFile; fileRef = 4972BBD21B45B2320069D44B /* AudioToolbox.framework */; };
		4972BBD51B45B23C0069D44B /* CFNetwork.framework in Frameworks */ = {isa = PBXBuildFile; fileRef = 4972BBD41B45B23C0069D44B /* CFNetwork.framework */; };
		4972BBD71B45B2430069D44B /* CoreGraphics.framework in Frameworks */ = {isa = PBXBuildFile; fileRef = 4972BBD61B45B2430069D44B /* CoreGraphics.framework */; };
		4972BBD91B45B24B0069D44B /* CoreLocation.framework in Frameworks */ = {isa = PBXBuildFile; fileRef = 4972BBD81B45B24B0069D44B /* CoreLocation.framework */; };
		4972BBDB1B45B2570069D44B /* MobileCoreServices.framework in Frameworks */ = {isa = PBXBuildFile; fileRef = 4972BBDA1B45B2570069D44B /* MobileCoreServices.framework */; };
		4972BBDD1B45B25F0069D44B /* QuartzCore.framework in Frameworks */ = {isa = PBXBuildFile; fileRef = 4972BBDC1B45B25F0069D44B /* QuartzCore.framework */; };
		4972BBDF1B45B2690069D44B /* Security.framework in Frameworks */ = {isa = PBXBuildFile; fileRef = 4972BBDE1B45B2690069D44B /* Security.framework */; };
		4972BBE11B45B2730069D44B /* StoreKit.framework in Frameworks */ = {isa = PBXBuildFile; fileRef = 4972BBE01B45B2730069D44B /* StoreKit.framework */; };
		4972BBE31B45B27D0069D44B /* SystemConfiguration.framework in Frameworks */ = {isa = PBXBuildFile; fileRef = 4972BBE21B45B27D0069D44B /* SystemConfiguration.framework */; };
		4972BBE51B45B2900069D44B /* libz.dylib in Frameworks */ = {isa = PBXBuildFile; fileRef = 4972BBE41B45B2900069D44B /* libz.dylib */; };
		4972BBE71B45B29D0069D44B /* libsqlite3.dylib in Frameworks */ = {isa = PBXBuildFile; fileRef = 4972BBE61B45B29D0069D44B /* libsqlite3.dylib */; };
		4972BBE91B45B2B50069D44B /* Accounts.framework in Frameworks */ = {isa = PBXBuildFile; fileRef = 4972BBE81B45B2B50069D44B /* Accounts.framework */; };
		4972BBEB1B45B2BC0069D44B /* Social.framework in Frameworks */ = {isa = PBXBuildFile; fileRef = 4972BBEA1B45B2BC0069D44B /* Social.framework */; };
		4972BBED1B45EBF10069D44B /* ManuallyAddMealViewController.swift in Sources */ = {isa = PBXBuildFile; fileRef = 4972BBEC1B45EBF10069D44B /* ManuallyAddMealViewController.swift */; };
		4982BF661C344B6200EBF6C7 /* CoreBluetooth.framework in Frameworks */ = {isa = PBXBuildFile; fileRef = 4982BF651C344B6200EBF6C7 /* CoreBluetooth.framework */; };
		4982BF691C34520000EBF6C7 /* Accelerate.framework in Frameworks */ = {isa = PBXBuildFile; fileRef = 4982BF681C34520000EBF6C7 /* Accelerate.framework */; };
		498E8AC51C16360B00AB4268 /* FoodDiaryEntry+MealUpdateData.swift in Sources */ = {isa = PBXBuildFile; fileRef = 498E8AC41C16360B00AB4268 /* FoodDiaryEntry+MealUpdateData.swift */; };
		49941ED01BDC242D0088EE52 /* Session.swift in Sources */ = {isa = PBXBuildFile; fileRef = 49941ECF1BDC242D0088EE52 /* Session.swift */; };
		49941ED31BEFE5A80088EE52 /* PFObject+Extension.swift in Sources */ = {isa = PBXBuildFile; fileRef = 49941ED21BEFE5A80088EE52 /* PFObject+Extension.swift */; };
		49A3342D1D1073C700D36E55 /* EnergyLevelScoreSummary.swift in Sources */ = {isa = PBXBuildFile; fileRef = 49A3342C1D1073C700D36E55 /* EnergyLevelScoreSummary.swift */; };
		49A3342F1D10746F00D36E55 /* EnergyLevelScoreSummaryTableViewController.swift in Sources */ = {isa = PBXBuildFile; fileRef = 49A3342E1D10746F00D36E55 /* EnergyLevelScoreSummaryTableViewController.swift */; };
		49A614B11B7838D100B66489 /* EditMealExperienceTableViewController.swift in Sources */ = {isa = PBXBuildFile; fileRef = 49A614B01B7838D100B66489 /* EditMealExperienceTableViewController.swift */; };
		49A614B31B79028600B66489 /* EditMealComponentsTableViewController.swift in Sources */ = {isa = PBXBuildFile; fileRef = 49A614B21B79028600B66489 /* EditMealComponentsTableViewController.swift */; };
		49A614B51B79160E00B66489 /* OtherDiners.swift in Sources */ = {isa = PBXBuildFile; fileRef = 49A614B41B79160E00B66489 /* OtherDiners.swift */; };
		49A614B71B7FBF6000B66489 /* Note.swift in Sources */ = {isa = PBXBuildFile; fileRef = 49A614B61B7FBF6000B66489 /* Note.swift */; };
		49A614B91B81CC2200B66489 /* IngredientsSearchTableViewController.swift in Sources */ = {isa = PBXBuildFile; fileRef = 49A614B81B81CC2200B66489 /* IngredientsSearchTableViewController.swift */; };
		49AE09B21C23890B004240FA /* Mood.swift in Sources */ = {isa = PBXBuildFile; fileRef = 49AE09B11C23890B004240FA /* Mood.swift */; };
		49AF6F9F1B321AE900AA64DD /* AddImageViewController.swift in Sources */ = {isa = PBXBuildFile; fileRef = 49AF6F9E1B321AE900AA64DD /* AddImageViewController.swift */; };
		49B2604A1C97593900984E8F /* FDLocationManger.swift in Sources */ = {isa = PBXBuildFile; fileRef = 49B260491C97593900984E8F /* FDLocationManger.swift */; };
		49B2604C1C975A4400984E8F /* Ingredient+ServingSize.swift in Sources */ = {isa = PBXBuildFile; fileRef = 49B2604B1C975A4400984E8F /* Ingredient+ServingSize.swift */; };
		49B99E7C1B8BB71200C4C1E0 /* Ingredient.swift in Sources */ = {isa = PBXBuildFile; fileRef = 49B99E7B1B8BB71200C4C1E0 /* Ingredient.swift */; };
		49B99EAE1B8E1A6D00C4C1E0 /* EditMealTagsTableViewController.swift in Sources */ = {isa = PBXBuildFile; fileRef = 49B99EAD1B8E1A6D00C4C1E0 /* EditMealTagsTableViewController.swift */; };
		49C5C4161B068AA6006FA068 /* AppDelegate.swift in Sources */ = {isa = PBXBuildFile; fileRef = 49C5C4151B068AA6006FA068 /* AppDelegate.swift */; };
		49C5C41B1B068AA6006FA068 /* Main.storyboard in Resources */ = {isa = PBXBuildFile; fileRef = 49C5C4191B068AA6006FA068 /* Main.storyboard */; };
		49C5C41D1B068AA7006FA068 /* Images.xcassets in Resources */ = {isa = PBXBuildFile; fileRef = 49C5C41C1B068AA6006FA068 /* Images.xcassets */; };
		49C5C4201B068AA7006FA068 /* LaunchScreen.xib in Resources */ = {isa = PBXBuildFile; fileRef = 49C5C41E1B068AA7006FA068 /* LaunchScreen.xib */; };
		49C5C42C1B068AA7006FA068 /* FoodDiaryTests.swift in Sources */ = {isa = PBXBuildFile; fileRef = 49C5C42B1B068AA7006FA068 /* FoodDiaryTests.swift */; };
		49CB8D3A1C3AD81700F0A38D /* EditSummaryDatesTableViewController.swift in Sources */ = {isa = PBXBuildFile; fileRef = 49CB8D391C3AD81700F0A38D /* EditSummaryDatesTableViewController.swift */; };
		49CB8D3D1C3C276100F0A38D /* FoodDiaryEntry+NutritionSummary.swift in Sources */ = {isa = PBXBuildFile; fileRef = 49CB8D3C1C3C276100F0A38D /* FoodDiaryEntry+NutritionSummary.swift */; };
		49CB8D411C56F5A000F0A38D /* LocationSummaryBreakdownTableViewController.swift in Sources */ = {isa = PBXBuildFile; fileRef = 49CB8D401C56F5A000F0A38D /* LocationSummaryBreakdownTableViewController.swift */; };
		49CB8D431C596AA600F0A38D /* LocationSummary.swift in Sources */ = {isa = PBXBuildFile; fileRef = 49CB8D421C596AA600F0A38D /* LocationSummary.swift */; };
		49DB30B71C02632400DA1E9B /* NutritionSummaryTableViewController.swift in Sources */ = {isa = PBXBuildFile; fileRef = 49DB30B61C02632400DA1E9B /* NutritionSummaryTableViewController.swift */; };
		49DB30B91C03BBB500DA1E9B /* MealNameFieldTableViewCell.swift in Sources */ = {isa = PBXBuildFile; fileRef = 49DB30B81C03BBB500DA1E9B /* MealNameFieldTableViewCell.swift */; };
		49DB30BB1C03C3EC00DA1E9B /* EditMealLocationTableViewController.swift in Sources */ = {isa = PBXBuildFile; fileRef = 49DB30BA1C03C3EC00DA1E9B /* EditMealLocationTableViewController.swift */; };
		49DB30BD1C03D47000DA1E9B /* LocationNameFieldTableViewCell.swift in Sources */ = {isa = PBXBuildFile; fileRef = 49DB30BC1C03D47000DA1E9B /* LocationNameFieldTableViewCell.swift */; };
		49DB30BF1C0E370F00DA1E9B /* Meal.swift in Sources */ = {isa = PBXBuildFile; fileRef = 49DB30BE1C0E370F00DA1E9B /* Meal.swift */; };
		49DB30C11C0E384700DA1E9B /* MealDetails.swift in Sources */ = {isa = PBXBuildFile; fileRef = 49DB30C01C0E384700DA1E9B /* MealDetails.swift */; };
		49DB30C31C0E3A4100DA1E9B /* BaseEntity.swift in Sources */ = {isa = PBXBuildFile; fileRef = 49DB30C21C0E3A4100DA1E9B /* BaseEntity.swift */; };
		49DB30C51C0E3ABA00DA1E9B /* Meal+Queries.swift in Sources */ = {isa = PBXBuildFile; fileRef = 49DB30C41C0E3ABA00DA1E9B /* Meal+Queries.swift */; };
		49DB30C71C0E413300DA1E9B /* MealIngredients.swift in Sources */ = {isa = PBXBuildFile; fileRef = 49DB30C61C0E413300DA1E9B /* MealIngredients.swift */; };
		49DB30C91C0F547400DA1E9B /* EditMoodTableViewController.swift in Sources */ = {isa = PBXBuildFile; fileRef = 49DB30C81C0F547400DA1E9B /* EditMoodTableViewController.swift */; };
		49DB30CB1C0F597B00DA1E9B /* MoodFieldTableViewCell.swift in Sources */ = {isa = PBXBuildFile; fileRef = 49DB30CA1C0F597A00DA1E9B /* MoodFieldTableViewCell.swift */; };
		49DB30CD1C0F7FE800DA1E9B /* EditTimestampTableViewController.swift in Sources */ = {isa = PBXBuildFile; fileRef = 49DB30CC1C0F7FE800DA1E9B /* EditTimestampTableViewController.swift */; };
		49DD19C91B5F0B34004199C2 /* FacebookLogInViewController.swift in Sources */ = {isa = PBXBuildFile; fileRef = 49DD19C81B5F0B34004199C2 /* FacebookLogInViewController.swift */; };
		49DD19D71B65AB6B004199C2 /* LocationManagerViewController.swift in Sources */ = {isa = PBXBuildFile; fileRef = 49DD19D61B65AB6B004199C2 /* LocationManagerViewController.swift */; };
		49F2F6501C6296E90051BA3C /* TimeOfDaySummaryTableViewController.swift in Sources */ = {isa = PBXBuildFile; fileRef = 49F2F64F1C6296E90051BA3C /* TimeOfDaySummaryTableViewController.swift */; };
		49F2F6521C6297F00051BA3C /* OtherDinersSummaryBreakdownTableViewController.swift in Sources */ = {isa = PBXBuildFile; fileRef = 49F2F6511C6297F00051BA3C /* OtherDinersSummaryBreakdownTableViewController.swift */; };
		49F2F6541C6298240051BA3C /* OtherDinersSummary.swift in Sources */ = {isa = PBXBuildFile; fileRef = 49F2F6531C6298240051BA3C /* OtherDinersSummary.swift */; };
		49F2F6561C62A0CC0051BA3C /* NutritionSummaryDetailStartTableViewController.swift in Sources */ = {isa = PBXBuildFile; fileRef = 49F2F6551C62A0CC0051BA3C /* NutritionSummaryDetailStartTableViewController.swift */; };
		8898857F1B5EBE0100ECD82F /* CoreData.framework in Frameworks */ = {isa = PBXBuildFile; fileRef = 8898857E1B5EBE0100ECD82F /* CoreData.framework */; };
		889885811B5EBE2100ECD82F /* Twitter.framework in Frameworks */ = {isa = PBXBuildFile; fileRef = 889885801B5EBE2100ECD82F /* Twitter.framework */; };
		889885831B5EBE3100ECD82F /* AVFoundation.framework in Frameworks */ = {isa = PBXBuildFile; fileRef = 889885821B5EBE3100ECD82F /* AVFoundation.framework */; };
		889885851B5EBE4200ECD82F /* CoreText.framework in Frameworks */ = {isa = PBXBuildFile; fileRef = 889885841B5EBE4200ECD82F /* CoreText.framework */; };
		889885871B5EBE4700ECD82F /* GLKit.framework in Frameworks */ = {isa = PBXBuildFile; fileRef = 889885861B5EBE4700ECD82F /* GLKit.framework */; };
		889885891B5EBE4D00ECD82F /* ImageIO.framework in Frameworks */ = {isa = PBXBuildFile; fileRef = 889885881B5EBE4D00ECD82F /* ImageIO.framework */; };
		8898858B1B5EBE5900ECD82F /* libc++.dylib in Frameworks */ = {isa = PBXBuildFile; fileRef = 8898858A1B5EBE5900ECD82F /* libc++.dylib */; };
		8898858D1B5EBE6700ECD82F /* libicucore.dylib in Frameworks */ = {isa = PBXBuildFile; fileRef = 8898858C1B5EBE6700ECD82F /* libicucore.dylib */; };
		8898858F1B5EBE6E00ECD82F /* OpenGLES.framework in Frameworks */ = {isa = PBXBuildFile; fileRef = 8898858E1B5EBE6E00ECD82F /* OpenGLES.framework */; };
		A82E729BD1E98B25979C8C62 /* libPods.a in Frameworks */ = {isa = PBXBuildFile; fileRef = 2E69FBFD3A483213460480A5 /* libPods.a */; };
/* End PBXBuildFile section */

/* Begin PBXContainerItemProxy section */
		49C5C4261B068AA7006FA068 /* PBXContainerItemProxy */ = {
			isa = PBXContainerItemProxy;
			containerPortal = 49C5C4081B068AA6006FA068 /* Project object */;
			proxyType = 1;
			remoteGlobalIDString = 49C5C40F1B068AA6006FA068;
			remoteInfo = FoodDiary;
		};
/* End PBXContainerItemProxy section */

/* Begin PBXFileReference section */
		2E69FBFD3A483213460480A5 /* libPods.a */ = {isa = PBXFileReference; explicitFileType = archive.ar; includeInIndex = 0; path = libPods.a; sourceTree = BUILT_PRODUCTS_DIR; };
		490B5C5E1B932B7E00D95885 /* AddMealPhoto+UIImageSize.swift */ = {isa = PBXFileReference; fileEncoding = 4; lastKnownFileType = sourcecode.swift; path = "AddMealPhoto+UIImageSize.swift"; sourceTree = "<group>"; };
		4923314B1B0F87B600AA212E /* bridge.h */ = {isa = PBXFileReference; fileEncoding = 4; lastKnownFileType = sourcecode.c.h; path = bridge.h; sourceTree = "<group>"; };
		492E25841B20A774006419EE /* FoodDiaryEntry.swift */ = {isa = PBXFileReference; fileEncoding = 4; lastKnownFileType = sourcecode.swift; path = FoodDiaryEntry.swift; sourceTree = "<group>"; };
		492E25881B24DE1A006419EE /* TimelineTableViewController.swift */ = {isa = PBXFileReference; fileEncoding = 4; lastKnownFileType = sourcecode.swift; path = TimelineTableViewController.swift; sourceTree = "<group>"; };
		492E258A1B24DFFC006419EE /* DataManager.swift */ = {isa = PBXFileReference; fileEncoding = 4; lastKnownFileType = sourcecode.swift; path = DataManager.swift; sourceTree = "<group>"; };
		492E25941B263C46006419EE /* ViewMealDetailViewController.swift */ = {isa = PBXFileReference; fileEncoding = 4; lastKnownFileType = sourcecode.swift; path = ViewMealDetailViewController.swift; sourceTree = "<group>"; };
		492E25961B28A652006419EE /* TimelineTableViewCell.swift */ = {isa = PBXFileReference; fileEncoding = 4; lastKnownFileType = sourcecode.swift; path = TimelineTableViewCell.swift; sourceTree = "<group>"; };
		49376FC01BA611F80075426C /* IngredientAddTableViewController.swift */ = {isa = PBXFileReference; fileEncoding = 4; lastKnownFileType = sourcecode.swift; path = IngredientAddTableViewController.swift; sourceTree = "<group>"; };
		49376FC21BA61B2A0075426C /* String+Extension.swift */ = {isa = PBXFileReference; fileEncoding = 4; lastKnownFileType = sourcecode.swift; path = "String+Extension.swift"; sourceTree = "<group>"; };
		49376FC41BA6A6C40075426C /* FoodDiaryDetail.swift */ = {isa = PBXFileReference; fileEncoding = 4; lastKnownFileType = sourcecode.swift; path = FoodDiaryDetail.swift; sourceTree = "<group>"; };
		493914DD1BFA7E420091A4B6 /* FoodDiaryEntry+Queries.swift */ = {isa = PBXFileReference; fileEncoding = 4; lastKnownFileType = sourcecode.swift; path = "FoodDiaryEntry+Queries.swift"; sourceTree = "<group>"; };
		493D76691D0DECA9003E9264 /* DayOfWeekSummary.swift */ = {isa = PBXFileReference; fileEncoding = 4; lastKnownFileType = sourcecode.swift; path = DayOfWeekSummary.swift; sourceTree = "<group>"; };
		493D766B1D0DF029003E9264 /* DayOfWeekTableViewController.swift */ = {isa = PBXFileReference; fileEncoding = 4; lastKnownFileType = sourcecode.swift; path = DayOfWeekTableViewController.swift; sourceTree = "<group>"; };
		493D766D1D0F0B52003E9264 /* EnjoymentScoreSummary.swift */ = {isa = PBXFileReference; fileEncoding = 4; lastKnownFileType = sourcecode.swift; path = EnjoymentScoreSummary.swift; sourceTree = "<group>"; };
		493D766F1D0F0B6C003E9264 /* EnjoymentScoreSummaryTableViewController.swift */ = {isa = PBXFileReference; fileEncoding = 4; lastKnownFileType = sourcecode.swift; path = EnjoymentScoreSummaryTableViewController.swift; sourceTree = "<group>"; };
		495704BB1BCD5B5C0053C949 /* ViewAndEditMealIngredientsTableViewController.swift */ = {isa = PBXFileReference; fileEncoding = 4; lastKnownFileType = sourcecode.swift; path = ViewAndEditMealIngredientsTableViewController.swift; sourceTree = "<group>"; };
		4957B5651CC5719300621335 /* MealSearchTableViewController.swift */ = {isa = PBXFileReference; fileEncoding = 4; lastKnownFileType = sourcecode.swift; path = MealSearchTableViewController.swift; sourceTree = "<group>"; };
		4957B5671CD0047D00621335 /* OneToOneNutritionSummaryTableViewController.swift */ = {isa = PBXFileReference; fileEncoding = 4; lastKnownFileType = sourcecode.swift; path = OneToOneNutritionSummaryTableViewController.swift; sourceTree = "<group>"; };
		4957B5691CD008DB00621335 /* NSDate+Extentsion.swift */ = {isa = PBXFileReference; fileEncoding = 4; lastKnownFileType = sourcecode.swift; path = "NSDate+Extentsion.swift"; sourceTree = "<group>"; };
		4957B56B1CD0119E00621335 /* NutritionSummary.swift */ = {isa = PBXFileReference; fileEncoding = 4; lastKnownFileType = sourcecode.swift; path = NutritionSummary.swift; sourceTree = "<group>"; };
		4957B56D1CD0138C00621335 /* DayPartSummary.swift */ = {isa = PBXFileReference; fileEncoding = 4; lastKnownFileType = sourcecode.swift; path = DayPartSummary.swift; sourceTree = "<group>"; };
		4957B56F1CD930C400621335 /* MoodSummary.swift */ = {isa = PBXFileReference; fileEncoding = 4; lastKnownFileType = sourcecode.swift; path = MoodSummary.swift; sourceTree = "<group>"; };
		4957B5731CD9325600621335 /* MoodSummaryTableViewController.swift */ = {isa = PBXFileReference; fileEncoding = 4; lastKnownFileType = sourcecode.swift; path = MoodSummaryTableViewController.swift; sourceTree = "<group>"; };
		4957B5751CDAC1B900621335 /* IngredientsSummaryBreakdownTableViewController.swift */ = {isa = PBXFileReference; fileEncoding = 4; lastKnownFileType = sourcecode.swift; path = IngredientsSummaryBreakdownTableViewController.swift; sourceTree = "<group>"; };
		4957B5771CDAC21900621335 /* IngredientsSummary.swift */ = {isa = PBXFileReference; fileEncoding = 4; lastKnownFileType = sourcecode.swift; path = IngredientsSummary.swift; sourceTree = "<group>"; };
		4957B5791CE1120200621335 /* TimeOfDaySummary.swift */ = {isa = PBXFileReference; fileEncoding = 4; lastKnownFileType = sourcecode.swift; path = TimeOfDaySummary.swift; sourceTree = "<group>"; };
		4957B58C1CEAAEAD00621335 /* libz.tbd */ = {isa = PBXFileReference; lastKnownFileType = "sourcecode.text-based-dylib-definition"; name = libz.tbd; path = usr/lib/libz.tbd; sourceTree = SDKROOT; };
		4957B58E1CEAAEC000621335 /* libsqlite3.0.tbd */ = {isa = PBXFileReference; lastKnownFileType = "sourcecode.text-based-dylib-definition"; name = libsqlite3.0.tbd; path = usr/lib/libsqlite3.0.tbd; sourceTree = SDKROOT; };
		4958985F1B55597A0094AF65 /* FoodDiaryEntry+UpdateData.swift */ = {isa = PBXFileReference; fileEncoding = 4; lastKnownFileType = sourcecode.swift; path = "FoodDiaryEntry+UpdateData.swift"; sourceTree = "<group>"; };
		495BFB861B49D44E00D915B9 /* AddMealPhotoViewController.swift */ = {isa = PBXFileReference; fileEncoding = 4; lastKnownFileType = sourcecode.swift; path = AddMealPhotoViewController.swift; sourceTree = "<group>"; };
		496491D91D12217700BFF05F /* MacronutrientSummary.swift */ = {isa = PBXFileReference; fileEncoding = 4; lastKnownFileType = sourcecode.swift; path = MacronutrientSummary.swift; sourceTree = "<group>"; };
		496491DB1D1224B800BFF05F /* MacronutrientSummaryBreakdownTableViewController.swift */ = {isa = PBXFileReference; fileEncoding = 4; lastKnownFileType = sourcecode.swift; path = MacronutrientSummaryBreakdownTableViewController.swift; sourceTree = "<group>"; };
		4972BBCC1B3DB34B0069D44B /* EditMealDetailTableViewController.swift */ = {isa = PBXFileReference; fileEncoding = 4; lastKnownFileType = sourcecode.swift; path = EditMealDetailTableViewController.swift; sourceTree = "<group>"; };
		4972BBD21B45B2320069D44B /* AudioToolbox.framework */ = {isa = PBXFileReference; lastKnownFileType = wrapper.framework; name = AudioToolbox.framework; path = System/Library/Frameworks/AudioToolbox.framework; sourceTree = SDKROOT; };
		4972BBD41B45B23C0069D44B /* CFNetwork.framework */ = {isa = PBXFileReference; lastKnownFileType = wrapper.framework; name = CFNetwork.framework; path = System/Library/Frameworks/CFNetwork.framework; sourceTree = SDKROOT; };
		4972BBD61B45B2430069D44B /* CoreGraphics.framework */ = {isa = PBXFileReference; lastKnownFileType = wrapper.framework; name = CoreGraphics.framework; path = System/Library/Frameworks/CoreGraphics.framework; sourceTree = SDKROOT; };
		4972BBD81B45B24B0069D44B /* CoreLocation.framework */ = {isa = PBXFileReference; lastKnownFileType = wrapper.framework; name = CoreLocation.framework; path = System/Library/Frameworks/CoreLocation.framework; sourceTree = SDKROOT; };
		4972BBDA1B45B2570069D44B /* MobileCoreServices.framework */ = {isa = PBXFileReference; lastKnownFileType = wrapper.framework; name = MobileCoreServices.framework; path = System/Library/Frameworks/MobileCoreServices.framework; sourceTree = SDKROOT; };
		4972BBDC1B45B25F0069D44B /* QuartzCore.framework */ = {isa = PBXFileReference; lastKnownFileType = wrapper.framework; name = QuartzCore.framework; path = System/Library/Frameworks/QuartzCore.framework; sourceTree = SDKROOT; };
		4972BBDE1B45B2690069D44B /* Security.framework */ = {isa = PBXFileReference; lastKnownFileType = wrapper.framework; name = Security.framework; path = System/Library/Frameworks/Security.framework; sourceTree = SDKROOT; };
		4972BBE01B45B2730069D44B /* StoreKit.framework */ = {isa = PBXFileReference; lastKnownFileType = wrapper.framework; name = StoreKit.framework; path = System/Library/Frameworks/StoreKit.framework; sourceTree = SDKROOT; };
		4972BBE21B45B27D0069D44B /* SystemConfiguration.framework */ = {isa = PBXFileReference; lastKnownFileType = wrapper.framework; name = SystemConfiguration.framework; path = System/Library/Frameworks/SystemConfiguration.framework; sourceTree = SDKROOT; };
		4972BBE41B45B2900069D44B /* libz.dylib */ = {isa = PBXFileReference; lastKnownFileType = "compiled.mach-o.dylib"; name = libz.dylib; path = usr/lib/libz.dylib; sourceTree = SDKROOT; };
		4972BBE61B45B29D0069D44B /* libsqlite3.dylib */ = {isa = PBXFileReference; lastKnownFileType = "compiled.mach-o.dylib"; name = libsqlite3.dylib; path = usr/lib/libsqlite3.dylib; sourceTree = SDKROOT; };
		4972BBE81B45B2B50069D44B /* Accounts.framework */ = {isa = PBXFileReference; lastKnownFileType = wrapper.framework; name = Accounts.framework; path = System/Library/Frameworks/Accounts.framework; sourceTree = SDKROOT; };
		4972BBEA1B45B2BC0069D44B /* Social.framework */ = {isa = PBXFileReference; lastKnownFileType = wrapper.framework; name = Social.framework; path = System/Library/Frameworks/Social.framework; sourceTree = SDKROOT; };
		4972BBEC1B45EBF10069D44B /* ManuallyAddMealViewController.swift */ = {isa = PBXFileReference; fileEncoding = 4; lastKnownFileType = sourcecode.swift; path = ManuallyAddMealViewController.swift; sourceTree = "<group>"; };
		4982BF651C344B6200EBF6C7 /* CoreBluetooth.framework */ = {isa = PBXFileReference; lastKnownFileType = wrapper.framework; name = CoreBluetooth.framework; path = System/Library/Frameworks/CoreBluetooth.framework; sourceTree = SDKROOT; };
		4982BF681C34520000EBF6C7 /* Accelerate.framework */ = {isa = PBXFileReference; lastKnownFileType = wrapper.framework; name = Accelerate.framework; path = System/Library/Frameworks/Accelerate.framework; sourceTree = SDKROOT; };
		498E8AC41C16360B00AB4268 /* FoodDiaryEntry+MealUpdateData.swift */ = {isa = PBXFileReference; fileEncoding = 4; lastKnownFileType = sourcecode.swift; path = "FoodDiaryEntry+MealUpdateData.swift"; sourceTree = "<group>"; };
		49941ECF1BDC242D0088EE52 /* Session.swift */ = {isa = PBXFileReference; fileEncoding = 4; lastKnownFileType = sourcecode.swift; path = Session.swift; sourceTree = "<group>"; };
		49941ED21BEFE5A80088EE52 /* PFObject+Extension.swift */ = {isa = PBXFileReference; fileEncoding = 4; lastKnownFileType = sourcecode.swift; path = "PFObject+Extension.swift"; sourceTree = "<group>"; };
		49A3342C1D1073C700D36E55 /* EnergyLevelScoreSummary.swift */ = {isa = PBXFileReference; fileEncoding = 4; lastKnownFileType = sourcecode.swift; path = EnergyLevelScoreSummary.swift; sourceTree = "<group>"; };
		49A3342E1D10746F00D36E55 /* EnergyLevelScoreSummaryTableViewController.swift */ = {isa = PBXFileReference; fileEncoding = 4; lastKnownFileType = sourcecode.swift; path = EnergyLevelScoreSummaryTableViewController.swift; sourceTree = "<group>"; };
		49A614B01B7838D100B66489 /* EditMealExperienceTableViewController.swift */ = {isa = PBXFileReference; fileEncoding = 4; lastKnownFileType = sourcecode.swift; path = EditMealExperienceTableViewController.swift; sourceTree = "<group>"; };
		49A614B21B79028600B66489 /* EditMealComponentsTableViewController.swift */ = {isa = PBXFileReference; fileEncoding = 4; lastKnownFileType = sourcecode.swift; path = EditMealComponentsTableViewController.swift; sourceTree = "<group>"; };
		49A614B41B79160E00B66489 /* OtherDiners.swift */ = {isa = PBXFileReference; fileEncoding = 4; lastKnownFileType = sourcecode.swift; path = OtherDiners.swift; sourceTree = "<group>"; };
		49A614B61B7FBF6000B66489 /* Note.swift */ = {isa = PBXFileReference; fileEncoding = 4; lastKnownFileType = sourcecode.swift; path = Note.swift; sourceTree = "<group>"; };
		49A614B81B81CC2200B66489 /* IngredientsSearchTableViewController.swift */ = {isa = PBXFileReference; fileEncoding = 4; lastKnownFileType = sourcecode.swift; path = IngredientsSearchTableViewController.swift; sourceTree = "<group>"; };
		49AE09B11C23890B004240FA /* Mood.swift */ = {isa = PBXFileReference; fileEncoding = 4; lastKnownFileType = sourcecode.swift; path = Mood.swift; sourceTree = "<group>"; };
		49AF6F9E1B321AE900AA64DD /* AddImageViewController.swift */ = {isa = PBXFileReference; fileEncoding = 4; lastKnownFileType = sourcecode.swift; path = AddImageViewController.swift; sourceTree = "<group>"; };
		49B260491C97593900984E8F /* FDLocationManger.swift */ = {isa = PBXFileReference; fileEncoding = 4; lastKnownFileType = sourcecode.swift; path = FDLocationManger.swift; sourceTree = "<group>"; };
		49B2604B1C975A4400984E8F /* Ingredient+ServingSize.swift */ = {isa = PBXFileReference; fileEncoding = 4; lastKnownFileType = sourcecode.swift; path = "Ingredient+ServingSize.swift"; sourceTree = "<group>"; };
		49B99E7B1B8BB71200C4C1E0 /* Ingredient.swift */ = {isa = PBXFileReference; fileEncoding = 4; lastKnownFileType = sourcecode.swift; path = Ingredient.swift; sourceTree = "<group>"; };
		49B99EAD1B8E1A6D00C4C1E0 /* EditMealTagsTableViewController.swift */ = {isa = PBXFileReference; fileEncoding = 4; lastKnownFileType = sourcecode.swift; path = EditMealTagsTableViewController.swift; sourceTree = "<group>"; };
		49C5C4101B068AA6006FA068 /* FoodDiary.app */ = {isa = PBXFileReference; explicitFileType = wrapper.application; includeInIndex = 0; path = FoodDiary.app; sourceTree = BUILT_PRODUCTS_DIR; };
		49C5C4141B068AA6006FA068 /* Info.plist */ = {isa = PBXFileReference; lastKnownFileType = text.plist.xml; path = Info.plist; sourceTree = "<group>"; };
		49C5C4151B068AA6006FA068 /* AppDelegate.swift */ = {isa = PBXFileReference; lastKnownFileType = sourcecode.swift; path = AppDelegate.swift; sourceTree = "<group>"; };
		49C5C41A1B068AA6006FA068 /* Base */ = {isa = PBXFileReference; lastKnownFileType = file.storyboard; name = Base; path = Base.lproj/Main.storyboard; sourceTree = "<group>"; };
		49C5C41C1B068AA6006FA068 /* Images.xcassets */ = {isa = PBXFileReference; lastKnownFileType = folder.assetcatalog; path = Images.xcassets; sourceTree = "<group>"; };
		49C5C41F1B068AA7006FA068 /* Base */ = {isa = PBXFileReference; lastKnownFileType = file.xib; name = Base; path = Base.lproj/LaunchScreen.xib; sourceTree = "<group>"; };
		49C5C4251B068AA7006FA068 /* FoodDiaryTests.xctest */ = {isa = PBXFileReference; explicitFileType = wrapper.cfbundle; includeInIndex = 0; path = FoodDiaryTests.xctest; sourceTree = BUILT_PRODUCTS_DIR; };
		49C5C42A1B068AA7006FA068 /* Info.plist */ = {isa = PBXFileReference; lastKnownFileType = text.plist.xml; path = Info.plist; sourceTree = "<group>"; };
		49C5C42B1B068AA7006FA068 /* FoodDiaryTests.swift */ = {isa = PBXFileReference; lastKnownFileType = sourcecode.swift; path = FoodDiaryTests.swift; sourceTree = "<group>"; };
		49CB8D391C3AD81700F0A38D /* EditSummaryDatesTableViewController.swift */ = {isa = PBXFileReference; fileEncoding = 4; lastKnownFileType = sourcecode.swift; path = EditSummaryDatesTableViewController.swift; sourceTree = "<group>"; };
		49CB8D3C1C3C276100F0A38D /* FoodDiaryEntry+NutritionSummary.swift */ = {isa = PBXFileReference; fileEncoding = 4; lastKnownFileType = sourcecode.swift; path = "FoodDiaryEntry+NutritionSummary.swift"; sourceTree = "<group>"; };
		49CB8D401C56F5A000F0A38D /* LocationSummaryBreakdownTableViewController.swift */ = {isa = PBXFileReference; fileEncoding = 4; lastKnownFileType = sourcecode.swift; path = LocationSummaryBreakdownTableViewController.swift; sourceTree = "<group>"; };
		49CB8D421C596AA600F0A38D /* LocationSummary.swift */ = {isa = PBXFileReference; fileEncoding = 4; lastKnownFileType = sourcecode.swift; path = LocationSummary.swift; sourceTree = "<group>"; };
		49DB30B61C02632400DA1E9B /* NutritionSummaryTableViewController.swift */ = {isa = PBXFileReference; fileEncoding = 4; lastKnownFileType = sourcecode.swift; path = NutritionSummaryTableViewController.swift; sourceTree = "<group>"; };
		49DB30B81C03BBB500DA1E9B /* MealNameFieldTableViewCell.swift */ = {isa = PBXFileReference; fileEncoding = 4; lastKnownFileType = sourcecode.swift; path = MealNameFieldTableViewCell.swift; sourceTree = "<group>"; };
		49DB30BA1C03C3EC00DA1E9B /* EditMealLocationTableViewController.swift */ = {isa = PBXFileReference; fileEncoding = 4; lastKnownFileType = sourcecode.swift; path = EditMealLocationTableViewController.swift; sourceTree = "<group>"; };
		49DB30BC1C03D47000DA1E9B /* LocationNameFieldTableViewCell.swift */ = {isa = PBXFileReference; fileEncoding = 4; lastKnownFileType = sourcecode.swift; path = LocationNameFieldTableViewCell.swift; sourceTree = "<group>"; };
		49DB30BE1C0E370F00DA1E9B /* Meal.swift */ = {isa = PBXFileReference; fileEncoding = 4; lastKnownFileType = sourcecode.swift; path = Meal.swift; sourceTree = "<group>"; };
		49DB30C01C0E384700DA1E9B /* MealDetails.swift */ = {isa = PBXFileReference; fileEncoding = 4; lastKnownFileType = sourcecode.swift; path = MealDetails.swift; sourceTree = "<group>"; };
		49DB30C21C0E3A4100DA1E9B /* BaseEntity.swift */ = {isa = PBXFileReference; fileEncoding = 4; lastKnownFileType = sourcecode.swift; path = BaseEntity.swift; sourceTree = "<group>"; };
		49DB30C41C0E3ABA00DA1E9B /* Meal+Queries.swift */ = {isa = PBXFileReference; fileEncoding = 4; lastKnownFileType = sourcecode.swift; path = "Meal+Queries.swift"; sourceTree = "<group>"; };
		49DB30C61C0E413300DA1E9B /* MealIngredients.swift */ = {isa = PBXFileReference; fileEncoding = 4; lastKnownFileType = sourcecode.swift; path = MealIngredients.swift; sourceTree = "<group>"; };
		49DB30C81C0F547400DA1E9B /* EditMoodTableViewController.swift */ = {isa = PBXFileReference; fileEncoding = 4; lastKnownFileType = sourcecode.swift; path = EditMoodTableViewController.swift; sourceTree = "<group>"; };
		49DB30CA1C0F597A00DA1E9B /* MoodFieldTableViewCell.swift */ = {isa = PBXFileReference; fileEncoding = 4; lastKnownFileType = sourcecode.swift; path = MoodFieldTableViewCell.swift; sourceTree = "<group>"; };
		49DB30CC1C0F7FE800DA1E9B /* EditTimestampTableViewController.swift */ = {isa = PBXFileReference; fileEncoding = 4; lastKnownFileType = sourcecode.swift; path = EditTimestampTableViewController.swift; sourceTree = "<group>"; };
		49DD19C81B5F0B34004199C2 /* FacebookLogInViewController.swift */ = {isa = PBXFileReference; fileEncoding = 4; lastKnownFileType = sourcecode.swift; name = FacebookLogInViewController.swift; path = ../FacebookLogInViewController.swift; sourceTree = "<group>"; };
		49DD19D21B62DD73004199C2 /* ParseFacebookUtilsV4.framework */ = {isa = PBXFileReference; lastKnownFileType = wrapper.framework; name = ParseFacebookUtilsV4.framework; path = "../../../../Downloads/parse-library-1.7.5/ParseFacebookUtilsV4.framework"; sourceTree = "<group>"; };
		49DD19D41B62DE2B004199C2 /* ParseUI.framework */ = {isa = PBXFileReference; lastKnownFileType = wrapper.framework; name = ParseUI.framework; path = "../../../../Downloads/parse-library-1.7.5/ParseUI.framework"; sourceTree = "<group>"; };
		49DD19D61B65AB6B004199C2 /* LocationManagerViewController.swift */ = {isa = PBXFileReference; fileEncoding = 4; lastKnownFileType = sourcecode.swift; path = LocationManagerViewController.swift; sourceTree = "<group>"; };
		49F2F64F1C6296E90051BA3C /* TimeOfDaySummaryTableViewController.swift */ = {isa = PBXFileReference; fileEncoding = 4; lastKnownFileType = sourcecode.swift; path = TimeOfDaySummaryTableViewController.swift; sourceTree = "<group>"; };
		49F2F6511C6297F00051BA3C /* OtherDinersSummaryBreakdownTableViewController.swift */ = {isa = PBXFileReference; fileEncoding = 4; lastKnownFileType = sourcecode.swift; path = OtherDinersSummaryBreakdownTableViewController.swift; sourceTree = "<group>"; };
		49F2F6531C6298240051BA3C /* OtherDinersSummary.swift */ = {isa = PBXFileReference; fileEncoding = 4; lastKnownFileType = sourcecode.swift; path = OtherDinersSummary.swift; sourceTree = "<group>"; };
		49F2F6551C62A0CC0051BA3C /* NutritionSummaryDetailStartTableViewController.swift */ = {isa = PBXFileReference; fileEncoding = 4; lastKnownFileType = sourcecode.swift; path = NutritionSummaryDetailStartTableViewController.swift; sourceTree = "<group>"; };
		885CB8021B30C12A007647B2 /* FoodDiary-Bridging-Header.h */ = {isa = PBXFileReference; lastKnownFileType = sourcecode.c.h; path = "FoodDiary-Bridging-Header.h"; sourceTree = "<group>"; };
		8898857E1B5EBE0100ECD82F /* CoreData.framework */ = {isa = PBXFileReference; lastKnownFileType = wrapper.framework; name = CoreData.framework; path = System/Library/Frameworks/CoreData.framework; sourceTree = SDKROOT; };
		889885801B5EBE2100ECD82F /* Twitter.framework */ = {isa = PBXFileReference; lastKnownFileType = wrapper.framework; name = Twitter.framework; path = System/Library/Frameworks/Twitter.framework; sourceTree = SDKROOT; };
		889885821B5EBE3100ECD82F /* AVFoundation.framework */ = {isa = PBXFileReference; lastKnownFileType = wrapper.framework; name = AVFoundation.framework; path = System/Library/Frameworks/AVFoundation.framework; sourceTree = SDKROOT; };
		889885841B5EBE4200ECD82F /* CoreText.framework */ = {isa = PBXFileReference; lastKnownFileType = wrapper.framework; name = CoreText.framework; path = System/Library/Frameworks/CoreText.framework; sourceTree = SDKROOT; };
		889885861B5EBE4700ECD82F /* GLKit.framework */ = {isa = PBXFileReference; lastKnownFileType = wrapper.framework; name = GLKit.framework; path = System/Library/Frameworks/GLKit.framework; sourceTree = SDKROOT; };
		889885881B5EBE4D00ECD82F /* ImageIO.framework */ = {isa = PBXFileReference; lastKnownFileType = wrapper.framework; name = ImageIO.framework; path = System/Library/Frameworks/ImageIO.framework; sourceTree = SDKROOT; };
		8898858A1B5EBE5900ECD82F /* libc++.dylib */ = {isa = PBXFileReference; lastKnownFileType = "compiled.mach-o.dylib"; name = "libc++.dylib"; path = "usr/lib/libc++.dylib"; sourceTree = SDKROOT; };
		8898858C1B5EBE6700ECD82F /* libicucore.dylib */ = {isa = PBXFileReference; lastKnownFileType = "compiled.mach-o.dylib"; name = libicucore.dylib; path = usr/lib/libicucore.dylib; sourceTree = SDKROOT; };
		8898858E1B5EBE6E00ECD82F /* OpenGLES.framework */ = {isa = PBXFileReference; lastKnownFileType = wrapper.framework; name = OpenGLES.framework; path = System/Library/Frameworks/OpenGLES.framework; sourceTree = SDKROOT; };
		A928695219479361D72E085E /* Pods.release.xcconfig */ = {isa = PBXFileReference; includeInIndex = 1; lastKnownFileType = text.xcconfig; name = Pods.release.xcconfig; path = "Pods/Target Support Files/Pods/Pods.release.xcconfig"; sourceTree = "<group>"; };
		AE847F1546DD4C74E911B593 /* Pods.debug.xcconfig */ = {isa = PBXFileReference; includeInIndex = 1; lastKnownFileType = text.xcconfig; name = Pods.debug.xcconfig; path = "Pods/Target Support Files/Pods/Pods.debug.xcconfig"; sourceTree = "<group>"; };
/* End PBXFileReference section */

/* Begin PBXFrameworksBuildPhase section */
		49C5C40D1B068AA6006FA068 /* Frameworks */ = {
			isa = PBXFrameworksBuildPhase;
			buildActionMask = 2147483647;
			files = (
				4957B58F1CEAAEC000621335 /* libsqlite3.0.tbd in Frameworks */,
				4957B58D1CEAAEAD00621335 /* libz.tbd in Frameworks */,
				4982BF691C34520000EBF6C7 /* Accelerate.framework in Frameworks */,
				4982BF661C344B6200EBF6C7 /* CoreBluetooth.framework in Frameworks */,
				889885831B5EBE3100ECD82F /* AVFoundation.framework in Frameworks */,
				4972BBDF1B45B2690069D44B /* Security.framework in Frameworks */,
				4972BBDD1B45B25F0069D44B /* QuartzCore.framework in Frameworks */,
				4972BBDB1B45B2570069D44B /* MobileCoreServices.framework in Frameworks */,
				4972BBE51B45B2900069D44B /* libz.dylib in Frameworks */,
				4972BBD71B45B2430069D44B /* CoreGraphics.framework in Frameworks */,
				4972BBD51B45B23C0069D44B /* CFNetwork.framework in Frameworks */,
				4972BBD31B45B2320069D44B /* AudioToolbox.framework in Frameworks */,
				8898858F1B5EBE6E00ECD82F /* OpenGLES.framework in Frameworks */,
				8898858D1B5EBE6700ECD82F /* libicucore.dylib in Frameworks */,
				8898858B1B5EBE5900ECD82F /* libc++.dylib in Frameworks */,
				889885891B5EBE4D00ECD82F /* ImageIO.framework in Frameworks */,
				889885871B5EBE4700ECD82F /* GLKit.framework in Frameworks */,
				889885851B5EBE4200ECD82F /* CoreText.framework in Frameworks */,
				4972BBD91B45B24B0069D44B /* CoreLocation.framework in Frameworks */,
				889885811B5EBE2100ECD82F /* Twitter.framework in Frameworks */,
				4972BBEB1B45B2BC0069D44B /* Social.framework in Frameworks */,
				4972BBE91B45B2B50069D44B /* Accounts.framework in Frameworks */,
				4972BBE71B45B29D0069D44B /* libsqlite3.dylib in Frameworks */,
				8898857F1B5EBE0100ECD82F /* CoreData.framework in Frameworks */,
				4972BBE31B45B27D0069D44B /* SystemConfiguration.framework in Frameworks */,
				4972BBE11B45B2730069D44B /* StoreKit.framework in Frameworks */,
				A82E729BD1E98B25979C8C62 /* libPods.a in Frameworks */,
			);
			runOnlyForDeploymentPostprocessing = 0;
		};
		49C5C4221B068AA7006FA068 /* Frameworks */ = {
			isa = PBXFrameworksBuildPhase;
			buildActionMask = 2147483647;
			files = (
			);
			runOnlyForDeploymentPostprocessing = 0;
		};
/* End PBXFrameworksBuildPhase section */

/* Begin PBXGroup section */
		495704BD1BD5871E0053C949 /* Entities */ = {
			isa = PBXGroup;
			children = (
				49DB30C21C0E3A4100DA1E9B /* BaseEntity.swift */,
				49376FC41BA6A6C40075426C /* FoodDiaryDetail.swift */,
				492E25841B20A774006419EE /* FoodDiaryEntry.swift */,
				49B99E7B1B8BB71200C4C1E0 /* Ingredient.swift */,
				49DB30BE1C0E370F00DA1E9B /* Meal.swift */,
				49DB30C61C0E413300DA1E9B /* MealIngredients.swift */,
				49AE09B11C23890B004240FA /* Mood.swift */,
				49DB30C01C0E384700DA1E9B /* MealDetails.swift */,
				49A614B61B7FBF6000B66489 /* Note.swift */,
				49A614B41B79160E00B66489 /* OtherDiners.swift */,
				49941ECF1BDC242D0088EE52 /* Session.swift */,
			);
			name = Entities;
			sourceTree = "<group>";
		};
		4982BF601C34499100EBF6C7 /* Frameworks */ = {
			isa = PBXGroup;
			children = (
				4957B58E1CEAAEC000621335 /* libsqlite3.0.tbd */,
				4957B58C1CEAAEAD00621335 /* libz.tbd */,
				4982BF681C34520000EBF6C7 /* Accelerate.framework */,
				4982BF651C344B6200EBF6C7 /* CoreBluetooth.framework */,
			);
			path = Frameworks;
			sourceTree = "<group>";
		};
		49941ECE1BDC22A00088EE52 /* Ingredients */ = {
			isa = PBXGroup;
			children = (
				495704BB1BCD5B5C0053C949 /* ViewAndEditMealIngredientsTableViewController.swift */,
				49376FC01BA611F80075426C /* IngredientAddTableViewController.swift */,
				49A614B81B81CC2200B66489 /* IngredientsSearchTableViewController.swift */,
			);
			name = Ingredients;
			sourceTree = "<group>";
		};
		49941ED11BEFE31B0088EE52 /* Extensions */ = {
			isa = PBXGroup;
			children = (
				4958985F1B55597A0094AF65 /* FoodDiaryEntry+UpdateData.swift */,
				49CB8D3C1C3C276100F0A38D /* FoodDiaryEntry+NutritionSummary.swift */,
				498E8AC41C16360B00AB4268 /* FoodDiaryEntry+MealUpdateData.swift */,
				493914DD1BFA7E420091A4B6 /* FoodDiaryEntry+Queries.swift */,
				49941ED21BEFE5A80088EE52 /* PFObject+Extension.swift */,
				490B5C5E1B932B7E00D95885 /* AddMealPhoto+UIImageSize.swift */,
				49376FC21BA61B2A0075426C /* String+Extension.swift */,
				49DB30C41C0E3ABA00DA1E9B /* Meal+Queries.swift */,
				49B2604B1C975A4400984E8F /* Ingredient+ServingSize.swift */,
				4957B5691CD008DB00621335 /* NSDate+Extentsion.swift */,
			);
			name = Extensions;
			sourceTree = "<group>";
		};
		49AE09B41C238A24004240FA /* Edit Meal Details */ = {
			isa = PBXGroup;
			children = (
				49A614B21B79028600B66489 /* EditMealComponentsTableViewController.swift */,
				49B99EAD1B8E1A6D00C4C1E0 /* EditMealTagsTableViewController.swift */,
				49DB30BA1C03C3EC00DA1E9B /* EditMealLocationTableViewController.swift */,
				49DB30C81C0F547400DA1E9B /* EditMoodTableViewController.swift */,
				49DB30CC1C0F7FE800DA1E9B /* EditTimestampTableViewController.swift */,
				49A614B01B7838D100B66489 /* EditMealExperienceTableViewController.swift */,
				4972BBCC1B3DB34B0069D44B /* EditMealDetailTableViewController.swift */,
				4957B5651CC5719300621335 /* MealSearchTableViewController.swift */,
			);
			name = "Edit Meal Details";
			sourceTree = "<group>";
		};
		49C5C4071B068AA6006FA068 = {
			isa = PBXGroup;
			children = (
				4982BF601C34499100EBF6C7 /* Frameworks */,
				4923314B1B0F87B600AA212E /* bridge.h */,
				49C5C4121B068AA6006FA068 /* FoodDiary */,
				49C5C4281B068AA7006FA068 /* FoodDiaryTests */,
				49C5C4111B068AA6006FA068 /* Products */,
				DD6643C584F64CE908AE2953 /* Pods */,
				B6D3DB1A5FEE6358085C2FCE /* Frameworks */,
			);
			sourceTree = "<group>";
		};
		49C5C4111B068AA6006FA068 /* Products */ = {
			isa = PBXGroup;
			children = (
				49C5C4101B068AA6006FA068 /* FoodDiary.app */,
				49C5C4251B068AA7006FA068 /* FoodDiaryTests.xctest */,
			);
			name = Products;
			sourceTree = "<group>";
		};
		49C5C4121B068AA6006FA068 /* FoodDiary */ = {
			isa = PBXGroup;
			children = (
				49941ED11BEFE31B0088EE52 /* Extensions */,
				495704BD1BD5871E0053C949 /* Entities */,
				49941ECE1BDC22A00088EE52 /* Ingredients */,
				49DD19C81B5F0B34004199C2 /* FacebookLogInViewController.swift */,
				885CB8021B30C12A007647B2 /* FoodDiary-Bridging-Header.h */,
				49AE09B41C238A24004240FA /* Edit Meal Details */,
				49C5C4151B068AA6006FA068 /* AppDelegate.swift */,
				492E258A1B24DFFC006419EE /* DataManager.swift */,
				49C5C4191B068AA6006FA068 /* Main.storyboard */,
				49CB8D3B1C3C1D3A00F0A38D /* Nutrition Summary Data */,
				49DB30B81C03BBB500DA1E9B /* MealNameFieldTableViewCell.swift */,
				49DB30BC1C03D47000DA1E9B /* LocationNameFieldTableViewCell.swift */,
				49DB30CA1C0F597A00DA1E9B /* MoodFieldTableViewCell.swift */,
				49B260491C97593900984E8F /* FDLocationManger.swift */,
				49DD19D61B65AB6B004199C2 /* LocationManagerViewController.swift */,
				495BFB861B49D44E00D915B9 /* AddMealPhotoViewController.swift */,
				4972BBEC1B45EBF10069D44B /* ManuallyAddMealViewController.swift */,
				492E25941B263C46006419EE /* ViewMealDetailViewController.swift */,
				492E25961B28A652006419EE /* TimelineTableViewCell.swift */,
				492E25881B24DE1A006419EE /* TimelineTableViewController.swift */,
				49AF6F9E1B321AE900AA64DD /* AddImageViewController.swift */,
				49C5C41C1B068AA6006FA068 /* Images.xcassets */,
				49C5C41E1B068AA7006FA068 /* LaunchScreen.xib */,
				49C5C4131B068AA6006FA068 /* Supporting Files */,
			);
			path = FoodDiary;
			sourceTree = "<group>";
		};
		49C5C4131B068AA6006FA068 /* Supporting Files */ = {
			isa = PBXGroup;
			children = (
				49C5C4141B068AA6006FA068 /* Info.plist */,
			);
			name = "Supporting Files";
			sourceTree = "<group>";
		};
		49C5C4281B068AA7006FA068 /* FoodDiaryTests */ = {
			isa = PBXGroup;
			children = (
				49C5C42B1B068AA7006FA068 /* FoodDiaryTests.swift */,
				49C5C4291B068AA7006FA068 /* Supporting Files */,
			);
			path = FoodDiaryTests;
			sourceTree = "<group>";
		};
		49C5C4291B068AA7006FA068 /* Supporting Files */ = {
			isa = PBXGroup;
			children = (
				49C5C42A1B068AA7006FA068 /* Info.plist */,
			);
			name = "Supporting Files";
			sourceTree = "<group>";
		};
		49CB8D3B1C3C1D3A00F0A38D /* Nutrition Summary Data */ = {
			isa = PBXGroup;
			children = (
				49CB8D391C3AD81700F0A38D /* EditSummaryDatesTableViewController.swift */,
				4957B56B1CD0119E00621335 /* NutritionSummary.swift */,
				49DB30B61C02632400DA1E9B /* NutritionSummaryTableViewController.swift */,
				49F2F6551C62A0CC0051BA3C /* NutritionSummaryDetailStartTableViewController.swift */,
				493D76691D0DECA9003E9264 /* DayOfWeekSummary.swift */,
				493D766B1D0DF029003E9264 /* DayOfWeekTableViewController.swift */,
				49A3342C1D1073C700D36E55 /* EnergyLevelScoreSummary.swift */,
				49A3342E1D10746F00D36E55 /* EnergyLevelScoreSummaryTableViewController.swift */,
				493D766D1D0F0B52003E9264 /* EnjoymentScoreSummary.swift */,
				493D766F1D0F0B6C003E9264 /* EnjoymentScoreSummaryTableViewController.swift */,
				49CB8D421C596AA600F0A38D /* LocationSummary.swift */,
				49CB8D401C56F5A000F0A38D /* LocationSummaryBreakdownTableViewController.swift */,
				496491D91D12217700BFF05F /* MacronutrientSummary.swift */,
				496491DB1D1224B800BFF05F /* MacronutrientSummaryBreakdownTableViewController.swift */,
				4957B56F1CD930C400621335 /* MoodSummary.swift */,
				4957B5731CD9325600621335 /* MoodSummaryTableViewController.swift */,
				49F2F64F1C6296E90051BA3C /* TimeOfDaySummaryTableViewController.swift */,
				4957B5791CE1120200621335 /* TimeOfDaySummary.swift */,
				49F2F6531C6298240051BA3C /* OtherDinersSummary.swift */,
				49F2F6511C6297F00051BA3C /* OtherDinersSummaryBreakdownTableViewController.swift */,
				4957B5771CDAC21900621335 /* IngredientsSummary.swift */,
				4957B5751CDAC1B900621335 /* IngredientsSummaryBreakdownTableViewController.swift */,
				4957B56D1CD0138C00621335 /* DayPartSummary.swift */,
				4957B5671CD0047D00621335 /* OneToOneNutritionSummaryTableViewController.swift */,
			);
			name = "Nutrition Summary Data";
			sourceTree = "<group>";
		};
		B6D3DB1A5FEE6358085C2FCE /* Frameworks */ = {
			isa = PBXGroup;
			children = (
				49DD19D41B62DE2B004199C2 /* ParseUI.framework */,
				49DD19D21B62DD73004199C2 /* ParseFacebookUtilsV4.framework */,
				8898858E1B5EBE6E00ECD82F /* OpenGLES.framework */,
				8898858C1B5EBE6700ECD82F /* libicucore.dylib */,
				8898858A1B5EBE5900ECD82F /* libc++.dylib */,
				889885881B5EBE4D00ECD82F /* ImageIO.framework */,
				889885861B5EBE4700ECD82F /* GLKit.framework */,
				889885841B5EBE4200ECD82F /* CoreText.framework */,
				889885821B5EBE3100ECD82F /* AVFoundation.framework */,
				889885801B5EBE2100ECD82F /* Twitter.framework */,
				8898857E1B5EBE0100ECD82F /* CoreData.framework */,
				4972BBEA1B45B2BC0069D44B /* Social.framework */,
				4972BBE81B45B2B50069D44B /* Accounts.framework */,
				4972BBE61B45B29D0069D44B /* libsqlite3.dylib */,
				4972BBE41B45B2900069D44B /* libz.dylib */,
				4972BBE21B45B27D0069D44B /* SystemConfiguration.framework */,
				4972BBE01B45B2730069D44B /* StoreKit.framework */,
				4972BBDE1B45B2690069D44B /* Security.framework */,
				4972BBDC1B45B25F0069D44B /* QuartzCore.framework */,
				4972BBDA1B45B2570069D44B /* MobileCoreServices.framework */,
				4972BBD81B45B24B0069D44B /* CoreLocation.framework */,
				4972BBD61B45B2430069D44B /* CoreGraphics.framework */,
				4972BBD41B45B23C0069D44B /* CFNetwork.framework */,
				4972BBD21B45B2320069D44B /* AudioToolbox.framework */,
				2E69FBFD3A483213460480A5 /* libPods.a */,
			);
			name = Frameworks;
			sourceTree = "<group>";
		};
		DD6643C584F64CE908AE2953 /* Pods */ = {
			isa = PBXGroup;
			children = (
				AE847F1546DD4C74E911B593 /* Pods.debug.xcconfig */,
				A928695219479361D72E085E /* Pods.release.xcconfig */,
			);
			name = Pods;
			sourceTree = "<group>";
		};
/* End PBXGroup section */

/* Begin PBXNativeTarget section */
		49C5C40F1B068AA6006FA068 /* FoodDiary */ = {
			isa = PBXNativeTarget;
			buildConfigurationList = 49C5C42F1B068AA7006FA068 /* Build configuration list for PBXNativeTarget "FoodDiary" */;
			buildPhases = (
				56930E211DB1C4FB6C8B7C88 /* Check Pods Manifest.lock */,
				49C5C40C1B068AA6006FA068 /* Sources */,
				49C5C40D1B068AA6006FA068 /* Frameworks */,
				49C5C40E1B068AA6006FA068 /* Resources */,
				169A452A965A5B10DD426ED3 /* Copy Pods Resources */,
				0D13B19E9C8EAC705182680B /* Embed Pods Frameworks */,
			);
			buildRules = (
			);
			dependencies = (
			);
			name = FoodDiary;
			productName = FoodDiary;
			productReference = 49C5C4101B068AA6006FA068 /* FoodDiary.app */;
			productType = "com.apple.product-type.application";
		};
		49C5C4241B068AA7006FA068 /* FoodDiaryTests */ = {
			isa = PBXNativeTarget;
			buildConfigurationList = 49C5C4321B068AA7006FA068 /* Build configuration list for PBXNativeTarget "FoodDiaryTests" */;
			buildPhases = (
				49C5C4211B068AA7006FA068 /* Sources */,
				49C5C4221B068AA7006FA068 /* Frameworks */,
				49C5C4231B068AA7006FA068 /* Resources */,
			);
			buildRules = (
			);
			dependencies = (
				49C5C4271B068AA7006FA068 /* PBXTargetDependency */,
			);
			name = FoodDiaryTests;
			productName = FoodDiaryTests;
			productReference = 49C5C4251B068AA7006FA068 /* FoodDiaryTests.xctest */;
			productType = "com.apple.product-type.bundle.unit-test";
		};
/* End PBXNativeTarget section */

/* Begin PBXProject section */
		49C5C4081B068AA6006FA068 /* Project object */ = {
			isa = PBXProject;
			attributes = {
				LastSwiftUpdateCheck = 0700;
				LastUpgradeCheck = 0700;
				ORGANIZATIONNAME = "Chris Clark";
				TargetAttributes = {
					49C5C40F1B068AA6006FA068 = {
						CreatedOnToolsVersion = 6.2;
						DevelopmentTeam = U988Y2XRVT;
					};
					49C5C4241B068AA7006FA068 = {
						CreatedOnToolsVersion = 6.2;
						TestTargetID = 49C5C40F1B068AA6006FA068;
					};
				};
			};
			buildConfigurationList = 49C5C40B1B068AA6006FA068 /* Build configuration list for PBXProject "FoodDiary" */;
			compatibilityVersion = "Xcode 3.2";
			developmentRegion = English;
			hasScannedForEncodings = 0;
			knownRegions = (
				en,
				Base,
			);
			mainGroup = 49C5C4071B068AA6006FA068;
			productRefGroup = 49C5C4111B068AA6006FA068 /* Products */;
			projectDirPath = "";
			projectRoot = "";
			targets = (
				49C5C40F1B068AA6006FA068 /* FoodDiary */,
				49C5C4241B068AA7006FA068 /* FoodDiaryTests */,
			);
		};
/* End PBXProject section */

/* Begin PBXResourcesBuildPhase section */
		49C5C40E1B068AA6006FA068 /* Resources */ = {
			isa = PBXResourcesBuildPhase;
			buildActionMask = 2147483647;
			files = (
				49C5C41B1B068AA6006FA068 /* Main.storyboard in Resources */,
				49C5C4201B068AA7006FA068 /* LaunchScreen.xib in Resources */,
				49C5C41D1B068AA7006FA068 /* Images.xcassets in Resources */,
			);
			runOnlyForDeploymentPostprocessing = 0;
		};
		49C5C4231B068AA7006FA068 /* Resources */ = {
			isa = PBXResourcesBuildPhase;
			buildActionMask = 2147483647;
			files = (
			);
			runOnlyForDeploymentPostprocessing = 0;
		};
/* End PBXResourcesBuildPhase section */

/* Begin PBXShellScriptBuildPhase section */
		0D13B19E9C8EAC705182680B /* Embed Pods Frameworks */ = {
			isa = PBXShellScriptBuildPhase;
			buildActionMask = 2147483647;
			files = (
			);
			inputPaths = (
			);
			name = "Embed Pods Frameworks";
			outputPaths = (
			);
			runOnlyForDeploymentPostprocessing = 0;
			shellPath = /bin/sh;
			shellScript = "\"${SRCROOT}/Pods/Target Support Files/Pods/Pods-frameworks.sh\"\n";
			showEnvVarsInLog = 0;
		};
		169A452A965A5B10DD426ED3 /* Copy Pods Resources */ = {
			isa = PBXShellScriptBuildPhase;
			buildActionMask = 2147483647;
			files = (
			);
			inputPaths = (
			);
			name = "Copy Pods Resources";
			outputPaths = (
			);
			runOnlyForDeploymentPostprocessing = 0;
			shellPath = /bin/sh;
			shellScript = "\"${SRCROOT}/Pods/Target Support Files/Pods/Pods-resources.sh\"\n";
			showEnvVarsInLog = 0;
		};
		56930E211DB1C4FB6C8B7C88 /* Check Pods Manifest.lock */ = {
			isa = PBXShellScriptBuildPhase;
			buildActionMask = 2147483647;
			files = (
			);
			inputPaths = (
			);
			name = "Check Pods Manifest.lock";
			outputPaths = (
			);
			runOnlyForDeploymentPostprocessing = 0;
			shellPath = /bin/sh;
			shellScript = "diff \"${PODS_ROOT}/../Podfile.lock\" \"${PODS_ROOT}/Manifest.lock\" > /dev/null\nif [[ $? != 0 ]] ; then\n    cat << EOM\nerror: The sandbox is not in sync with the Podfile.lock. Run 'pod install' or update your CocoaPods installation.\nEOM\n    exit 1\nfi\n";
			showEnvVarsInLog = 0;
		};
/* End PBXShellScriptBuildPhase section */

/* Begin PBXSourcesBuildPhase section */
		49C5C40C1B068AA6006FA068 /* Sources */ = {
			isa = PBXSourcesBuildPhase;
			buildActionMask = 2147483647;
			files = (
				4957B5681CD0047D00621335 /* OneToOneNutritionSummaryTableViewController.swift in Sources */,
				498E8AC51C16360B00AB4268 /* FoodDiaryEntry+MealUpdateData.swift in Sources */,
				49B2604A1C97593900984E8F /* FDLocationManger.swift in Sources */,
				49DB30BD1C03D47000DA1E9B /* LocationNameFieldTableViewCell.swift in Sources */,
				49DB30C51C0E3ABA00DA1E9B /* Meal+Queries.swift in Sources */,
				49DB30CD1C0F7FE800DA1E9B /* EditTimestampTableViewController.swift in Sources */,
				492E25971B28A652006419EE /* TimelineTableViewCell.swift in Sources */,
				49CB8D411C56F5A000F0A38D /* LocationSummaryBreakdownTableViewController.swift in Sources */,
				492E25851B20A774006419EE /* FoodDiaryEntry.swift in Sources */,
				495704BC1BCD5B5C0053C949 /* ViewAndEditMealIngredientsTableViewController.swift in Sources */,
				49F2F6521C6297F00051BA3C /* OtherDinersSummaryBreakdownTableViewController.swift in Sources */,
				49DB30BF1C0E370F00DA1E9B /* Meal.swift in Sources */,
				493D766A1D0DECA9003E9264 /* DayOfWeekSummary.swift in Sources */,
				493914DE1BFA7E420091A4B6 /* FoodDiaryEntry+Queries.swift in Sources */,
				49376FC11BA611F80075426C /* IngredientAddTableViewController.swift in Sources */,
				493D766C1D0DF029003E9264 /* DayOfWeekTableViewController.swift in Sources */,
				492E25951B263C46006419EE /* ViewMealDetailViewController.swift in Sources */,
				49376FC31BA61B2A0075426C /* String+Extension.swift in Sources */,
				49DD19C91B5F0B34004199C2 /* FacebookLogInViewController.swift in Sources */,
				49CB8D3A1C3AD81700F0A38D /* EditSummaryDatesTableViewController.swift in Sources */,
				49A614B31B79028600B66489 /* EditMealComponentsTableViewController.swift in Sources */,
				4957B5741CD9325600621335 /* MoodSummaryTableViewController.swift in Sources */,
				49DB30C71C0E413300DA1E9B /* MealIngredients.swift in Sources */,
				49AE09B21C23890B004240FA /* Mood.swift in Sources */,
				49376FC51BA6A6C40075426C /* FoodDiaryDetail.swift in Sources */,
				49F2F6501C6296E90051BA3C /* TimeOfDaySummaryTableViewController.swift in Sources */,
				495898601B55597A0094AF65 /* FoodDiaryEntry+UpdateData.swift in Sources */,
				4972BBED1B45EBF10069D44B /* ManuallyAddMealViewController.swift in Sources */,
				49A614B11B7838D100B66489 /* EditMealExperienceTableViewController.swift in Sources */,
				4957B56A1CD008DB00621335 /* NSDate+Extentsion.swift in Sources */,
				49A3342F1D10746F00D36E55 /* EnergyLevelScoreSummaryTableViewController.swift in Sources */,
				4957B56C1CD0119E00621335 /* NutritionSummary.swift in Sources */,
				4957B5661CC5719300621335 /* MealSearchTableViewController.swift in Sources */,
				490B5C5F1B932B7E00D95885 /* AddMealPhoto+UIImageSize.swift in Sources */,
				49DB30CB1C0F597B00DA1E9B /* MoodFieldTableViewCell.swift in Sources */,
				49DB30C31C0E3A4100DA1E9B /* BaseEntity.swift in Sources */,
				49CB8D431C596AA600F0A38D /* LocationSummary.swift in Sources */,
				49B99E7C1B8BB71200C4C1E0 /* Ingredient.swift in Sources */,
				49DB30BB1C03C3EC00DA1E9B /* EditMealLocationTableViewController.swift in Sources */,
				49A614B51B79160E00B66489 /* OtherDiners.swift in Sources */,
				496491DC1D1224B800BFF05F /* MacronutrientSummaryBreakdownTableViewController.swift in Sources */,
				49DB30C11C0E384700DA1E9B /* MealDetails.swift in Sources */,
				4972BBCD1B3DB34B0069D44B /* EditMealDetailTableViewController.swift in Sources */,
				49F2F6541C6298240051BA3C /* OtherDinersSummary.swift in Sources */,
				49DD19D71B65AB6B004199C2 /* LocationManagerViewController.swift in Sources */,
				49941ED31BEFE5A80088EE52 /* PFObject+Extension.swift in Sources */,
				49B99EAE1B8E1A6D00C4C1E0 /* EditMealTagsTableViewController.swift in Sources */,
				49F2F6561C62A0CC0051BA3C /* NutritionSummaryDetailStartTableViewController.swift in Sources */,
				493D766E1D0F0B52003E9264 /* EnjoymentScoreSummary.swift in Sources */,
				4957B5701CD930C400621335 /* MoodSummary.swift in Sources */,
				49CB8D3D1C3C276100F0A38D /* FoodDiaryEntry+NutritionSummary.swift in Sources */,
				49DB30B91C03BBB500DA1E9B /* MealNameFieldTableViewCell.swift in Sources */,
				492E258B1B24DFFC006419EE /* DataManager.swift in Sources */,
				495BFB871B49D44E00D915B9 /* AddMealPhotoViewController.swift in Sources */,
				4957B5761CDAC1B900621335 /* IngredientsSummaryBreakdownTableViewController.swift in Sources */,
				49941ED01BDC242D0088EE52 /* Session.swift in Sources */,
				4957B57A1CE1120200621335 /* TimeOfDaySummary.swift in Sources */,
				49A614B71B7FBF6000B66489 /* Note.swift in Sources */,
				49DB30C91C0F547400DA1E9B /* EditMoodTableViewController.swift in Sources */,
				492E25891B24DE1A006419EE /* TimelineTableViewController.swift in Sources */,
				49A3342D1D1073C700D36E55 /* EnergyLevelScoreSummary.swift in Sources */,
				49DB30B71C02632400DA1E9B /* NutritionSummaryTableViewController.swift in Sources */,
				4957B5781CDAC21900621335 /* IngredientsSummary.swift in Sources */,
				49B2604C1C975A4400984E8F /* Ingredient+ServingSize.swift in Sources */,
				496491DA1D12217700BFF05F /* MacronutrientSummary.swift in Sources */,
				49AF6F9F1B321AE900AA64DD /* AddImageViewController.swift in Sources */,
				493D76701D0F0B6C003E9264 /* EnjoymentScoreSummaryTableViewController.swift in Sources */,
				49A614B91B81CC2200B66489 /* IngredientsSearchTableViewController.swift in Sources */,
				49C5C4161B068AA6006FA068 /* AppDelegate.swift in Sources */,
				4957B56E1CD0138C00621335 /* DayPartSummary.swift in Sources */,
			);
			runOnlyForDeploymentPostprocessing = 0;
		};
		49C5C4211B068AA7006FA068 /* Sources */ = {
			isa = PBXSourcesBuildPhase;
			buildActionMask = 2147483647;
			files = (
				49C5C42C1B068AA7006FA068 /* FoodDiaryTests.swift in Sources */,
			);
			runOnlyForDeploymentPostprocessing = 0;
		};
/* End PBXSourcesBuildPhase section */

/* Begin PBXTargetDependency section */
		49C5C4271B068AA7006FA068 /* PBXTargetDependency */ = {
			isa = PBXTargetDependency;
			target = 49C5C40F1B068AA6006FA068 /* FoodDiary */;
			targetProxy = 49C5C4261B068AA7006FA068 /* PBXContainerItemProxy */;
		};
/* End PBXTargetDependency section */

/* Begin PBXVariantGroup section */
		49C5C4191B068AA6006FA068 /* Main.storyboard */ = {
			isa = PBXVariantGroup;
			children = (
				49C5C41A1B068AA6006FA068 /* Base */,
			);
			name = Main.storyboard;
			sourceTree = "<group>";
		};
		49C5C41E1B068AA7006FA068 /* LaunchScreen.xib */ = {
			isa = PBXVariantGroup;
			children = (
				49C5C41F1B068AA7006FA068 /* Base */,
			);
			name = LaunchScreen.xib;
			sourceTree = "<group>";
		};
/* End PBXVariantGroup section */

/* Begin XCBuildConfiguration section */
		49C5C42D1B068AA7006FA068 /* Debug */ = {
			isa = XCBuildConfiguration;
			buildSettings = {
				ALWAYS_SEARCH_USER_PATHS = NO;
				CLANG_CXX_LANGUAGE_STANDARD = "gnu++0x";
				CLANG_CXX_LIBRARY = "libc++";
				CLANG_ENABLE_MODULES = YES;
				CLANG_ENABLE_OBJC_ARC = YES;
				CLANG_WARN_BOOL_CONVERSION = YES;
				CLANG_WARN_CONSTANT_CONVERSION = YES;
				CLANG_WARN_DIRECT_OBJC_ISA_USAGE = YES_ERROR;
				CLANG_WARN_EMPTY_BODY = YES;
				CLANG_WARN_ENUM_CONVERSION = YES;
				CLANG_WARN_INT_CONVERSION = YES;
				CLANG_WARN_OBJC_ROOT_CLASS = YES_ERROR;
				CLANG_WARN_UNREACHABLE_CODE = YES;
				CLANG_WARN__DUPLICATE_METHOD_MATCH = YES;
				CODE_SIGN_IDENTITY = "iPhone Developer";
				"CODE_SIGN_IDENTITY[sdk=iphoneos*]" = "iPhone Developer";
				COPY_PHASE_STRIP = NO;
				ENABLE_BITCODE = NO;
				ENABLE_STRICT_OBJC_MSGSEND = YES;
				ENABLE_TESTABILITY = YES;
				GCC_C_LANGUAGE_STANDARD = gnu99;
				GCC_DYNAMIC_NO_PIC = NO;
				GCC_OPTIMIZATION_LEVEL = 0;
				GCC_PREPROCESSOR_DEFINITIONS = (
					"DEBUG=1",
					"$(inherited)",
				);
				GCC_SYMBOLS_PRIVATE_EXTERN = NO;
				GCC_WARN_64_TO_32_BIT_CONVERSION = YES;
				GCC_WARN_ABOUT_RETURN_TYPE = YES_ERROR;
				GCC_WARN_UNDECLARED_SELECTOR = YES;
				GCC_WARN_UNINITIALIZED_AUTOS = YES_AGGRESSIVE;
				GCC_WARN_UNUSED_FUNCTION = YES;
				GCC_WARN_UNUSED_VARIABLE = YES;
				IPHONEOS_DEPLOYMENT_TARGET = 8.2;
				MTL_ENABLE_DEBUG_INFO = YES;
				ONLY_ACTIVE_ARCH = YES;
				"OTHER_LDFLAGS[arch=*]" = "-ObjC";
				SDKROOT = iphoneos;
				SWIFT_OPTIMIZATION_LEVEL = "-Onone";
			};
			name = Debug;
		};
		49C5C42E1B068AA7006FA068 /* Release */ = {
			isa = XCBuildConfiguration;
			buildSettings = {
				ALWAYS_SEARCH_USER_PATHS = NO;
				CLANG_CXX_LANGUAGE_STANDARD = "gnu++0x";
				CLANG_CXX_LIBRARY = "libc++";
				CLANG_ENABLE_MODULES = YES;
				CLANG_ENABLE_OBJC_ARC = YES;
				CLANG_WARN_BOOL_CONVERSION = YES;
				CLANG_WARN_CONSTANT_CONVERSION = YES;
				CLANG_WARN_DIRECT_OBJC_ISA_USAGE = YES_ERROR;
				CLANG_WARN_EMPTY_BODY = YES;
				CLANG_WARN_ENUM_CONVERSION = YES;
				CLANG_WARN_INT_CONVERSION = YES;
				CLANG_WARN_OBJC_ROOT_CLASS = YES_ERROR;
				CLANG_WARN_UNREACHABLE_CODE = YES;
				CLANG_WARN__DUPLICATE_METHOD_MATCH = YES;
				CODE_SIGN_IDENTITY = "iPhone Developer";
				"CODE_SIGN_IDENTITY[sdk=iphoneos*]" = "iPhone Developer";
				COPY_PHASE_STRIP = NO;
				ENABLE_BITCODE = NO;
				ENABLE_NS_ASSERTIONS = NO;
				ENABLE_STRICT_OBJC_MSGSEND = YES;
				GCC_C_LANGUAGE_STANDARD = gnu99;
				GCC_WARN_64_TO_32_BIT_CONVERSION = YES;
				GCC_WARN_ABOUT_RETURN_TYPE = YES_ERROR;
				GCC_WARN_UNDECLARED_SELECTOR = YES;
				GCC_WARN_UNINITIALIZED_AUTOS = YES_AGGRESSIVE;
				GCC_WARN_UNUSED_FUNCTION = YES;
				GCC_WARN_UNUSED_VARIABLE = YES;
				IPHONEOS_DEPLOYMENT_TARGET = 8.2;
				MTL_ENABLE_DEBUG_INFO = NO;
				SDKROOT = iphoneos;
				VALIDATE_PRODUCT = YES;
			};
			name = Release;
		};
		49C5C4301B068AA7006FA068 /* Debug */ = {
			isa = XCBuildConfiguration;
			baseConfigurationReference = AE847F1546DD4C74E911B593 /* Pods.debug.xcconfig */;
			buildSettings = {
				ASSETCATALOG_COMPILER_APPICON_NAME = AppIcon;
				CLANG_ENABLE_MODULES = YES;
				CODE_SIGN_IDENTITY = "iPhone Developer";
				"CODE_SIGN_IDENTITY[sdk=iphoneos*]" = "iPhone Developer";
				FRAMEWORK_SEARCH_PATHS = (
					"$(PROJECT_DIR)/Frameworks",
					"$(PROJECT_DIR)/Frameworks/parse-library-1.12.0",
					"(1)",
					"$(PROJECT_DIR)",
				);
				INFOPLIST_FILE = FoodDiary/Info.plist;
				IPHONEOS_DEPLOYMENT_TARGET = 8.3;
				LD_RUNPATH_SEARCH_PATHS = "$(inherited) @executable_path/Frameworks";
				ONLY_ACTIVE_ARCH = YES;
				PRODUCT_BUNDLE_IDENTIFIER = "com.trustbuds.$(PRODUCT_NAME:rfc1034identifier)";
				PRODUCT_NAME = "$(TARGET_NAME)";
				PROVISIONING_PROFILE = "";
				SDKROOT = iphoneos;
				SWIFT_OBJC_BRIDGING_HEADER = "FoodDiary/FoodDiary-Bridging-Header.h";
				SWIFT_OPTIMIZATION_LEVEL = "-Onone";
				TARGETED_DEVICE_FAMILY = 1;
			};
			name = Debug;
		};
		49C5C4311B068AA7006FA068 /* Release */ = {
			isa = XCBuildConfiguration;
			baseConfigurationReference = A928695219479361D72E085E /* Pods.release.xcconfig */;
			buildSettings = {
				ASSETCATALOG_COMPILER_APPICON_NAME = AppIcon;
				CLANG_ENABLE_MODULES = YES;
				CODE_SIGN_IDENTITY = "iPhone Developer";
				"CODE_SIGN_IDENTITY[sdk=iphoneos*]" = "iPhone Developer";
				FRAMEWORK_SEARCH_PATHS = (
					"$(inherited)",
					/Users/chrismclark/Documents/FacebookSDK,
					"$(PROJECT_DIR)/Frameworks",
					"$(PROJECT_DIR)/Frameworks/parse-library-1.12.0",
					"(1)",
					"$(PROJECT_DIR)",
				);
				INFOPLIST_FILE = FoodDiary/Info.plist;
				IPHONEOS_DEPLOYMENT_TARGET = 8.3;
				LD_RUNPATH_SEARCH_PATHS = "$(inherited) @executable_path/Frameworks";
				ONLY_ACTIVE_ARCH = YES;
				PRODUCT_BUNDLE_IDENTIFIER = "com.trustbuds.$(PRODUCT_NAME:rfc1034identifier)";
				PRODUCT_NAME = "$(TARGET_NAME)";
				PROVISIONING_PROFILE = "";
				SDKROOT = iphoneos;
				SWIFT_OBJC_BRIDGING_HEADER = "FoodDiary/FoodDiary-Bridging-Header.h";
				TARGETED_DEVICE_FAMILY = 1;
			};
			name = Release;
		};
		49C5C4331B068AA7006FA068 /* Debug */ = {
			isa = XCBuildConfiguration;
			buildSettings = {
				FRAMEWORK_SEARCH_PATHS = (
					"$(SDKROOT)/Developer/Library/Frameworks",
					"$(inherited)",
				);
				GCC_PREPROCESSOR_DEFINITIONS = (
					"DEBUG=1",
					"$(inherited)",
				);
				INFOPLIST_FILE = FoodDiaryTests/Info.plist;
				LD_RUNPATH_SEARCH_PATHS = "$(inherited) @executable_path/Frameworks @loader_path/Frameworks";
				ONLY_ACTIVE_ARCH = YES;
				PRODUCT_BUNDLE_IDENTIFIER = "com.trustbuds.$(PRODUCT_NAME:rfc1034identifier)";
				PRODUCT_NAME = "$(TARGET_NAME)";
				SDKROOT = iphoneos;
				TEST_HOST = "$(BUILT_PRODUCTS_DIR)/FoodDiary.app/FoodDiary";
			};
			name = Debug;
		};
		49C5C4341B068AA7006FA068 /* Release */ = {
			isa = XCBuildConfiguration;
			buildSettings = {
				FRAMEWORK_SEARCH_PATHS = (
					"$(SDKROOT)/Developer/Library/Frameworks",
					"$(inherited)",
				);
				INFOPLIST_FILE = FoodDiaryTests/Info.plist;
				LD_RUNPATH_SEARCH_PATHS = "$(inherited) @executable_path/Frameworks @loader_path/Frameworks";
				ONLY_ACTIVE_ARCH = YES;
				PRODUCT_BUNDLE_IDENTIFIER = "com.trustbuds.$(PRODUCT_NAME:rfc1034identifier)";
				PRODUCT_NAME = "$(TARGET_NAME)";
				SDKROOT = iphoneos;
				TEST_HOST = "$(BUILT_PRODUCTS_DIR)/FoodDiary.app/FoodDiary";
			};
			name = Release;
		};
/* End XCBuildConfiguration section */

/* Begin XCConfigurationList section */
		49C5C40B1B068AA6006FA068 /* Build configuration list for PBXProject "FoodDiary" */ = {
			isa = XCConfigurationList;
			buildConfigurations = (
				49C5C42D1B068AA7006FA068 /* Debug */,
				49C5C42E1B068AA7006FA068 /* Release */,
			);
			defaultConfigurationIsVisible = 0;
			defaultConfigurationName = Release;
		};
		49C5C42F1B068AA7006FA068 /* Build configuration list for PBXNativeTarget "FoodDiary" */ = {
			isa = XCConfigurationList;
			buildConfigurations = (
				49C5C4301B068AA7006FA068 /* Debug */,
				49C5C4311B068AA7006FA068 /* Release */,
			);
			defaultConfigurationIsVisible = 0;
			defaultConfigurationName = Release;
		};
		49C5C4321B068AA7006FA068 /* Build configuration list for PBXNativeTarget "FoodDiaryTests" */ = {
			isa = XCConfigurationList;
			buildConfigurations = (
				49C5C4331B068AA7006FA068 /* Debug */,
				49C5C4341B068AA7006FA068 /* Release */,
			);
			defaultConfigurationIsVisible = 0;
			defaultConfigurationName = Release;
		};
/* End XCConfigurationList section */
	};
	rootObject = 49C5C4081B068AA6006FA068 /* Project object */;
}
